
Microsoft Visual Studio Solution File, Format Version 12.00
# Visual Studio Version 17
VisualStudioVersion = 17.3.32922.545
MinimumVisualStudioVersion = 10.0.40219.1
Project("{FAE04EC0-301F-11D3-BF4B-00C04F79EFBC}") = "Elderly Information System", "Elderly Information System.csproj", "{4EB2FD15-BFAD-4497-B302-F9CFEF89FBE8}"
EndProject
Global
	GlobalSection(SolutionConfigurationPlatforms) = preSolution
		Debug|Any CPU = Debug|Any CPU
		Release|Any CPU = Release|Any CPU
	EndGlobalSection
	GlobalSection(ProjectConfigurationPlatforms) = postSolution
		{4EB2FD15-BFAD-4497-B302-F9CFEF89FBE8}.Debug|Any CPU.ActiveCfg = Debug|Any CPU
		{4EB2FD15-BFAD-4497-B302-F9CFEF89FBE8}.Debug|Any CPU.Build.0 = Debug|Any CPU
		{4EB2FD15-BFAD-4497-B302-F9CFEF89FBE8}.Release|Any CPU.ActiveCfg = Release|Any CPU
		{4EB2FD15-BFAD-4497-B302-F9CFEF89FBE8}.Release|Any CPU.Build.0 = Release|Any CPU
	EndGlobalSection
	GlobalSection(SolutionProperties) = preSolution
		HideSolutionNode = FALSE
	EndGlobalSection
	GlobalSection(ExtensibilityGlobals) = postSolution
		SolutionGuid = {20E9F893-F1E5-4D4A-94A6-D688C4636623}
	EndGlobalSection
EndGlobal
